
Microsoft Visual Studio Solution File, Format Version 12.00
# Visual Studio 15
VisualStudioVersion = 15.0.27130.2024
MinimumVisualStudioVersion = 10.0.40219.1
Project("{FAE04EC0-301F-11D3-BF4B-00C04F79EFBC}") = "UpdateStatus", "UpdateStatus\UpdateStatus.csproj", "{7EAF0B74-2D67-4447-BE29-C98124786A65}"
EndProject
Global
	GlobalSection(SolutionConfigurationPlatforms) = preSolution
		Debug|Any CPU = Debug|Any CPU
		Release|Any CPU = Release|Any CPU
	EndGlobalSection
	GlobalSection(ProjectConfigurationPlatforms) = postSolution
		{7EAF0B74-2D67-4447-BE29-C98124786A65}.Debug|Any CPU.ActiveCfg = Debug|Any CPU
		{7EAF0B74-2D67-4447-BE29-C98124786A65}.Debug|Any CPU.Build.0 = Debug|Any CPU
		{7EAF0B74-2D67-4447-BE29-C98124786A65}.Release|Any CPU.ActiveCfg = Release|Any CPU
		{7EAF0B74-2D67-4447-BE29-C98124786A65}.Release|Any CPU.Build.0 = Release|Any CPU
	EndGlobalSection
	GlobalSection(SolutionProperties) = preSolution
		HideSolutionNode = FALSE
	EndGlobalSection
	GlobalSection(ExtensibilityGlobals) = postSolution
		SolutionGuid = {9233CD43-B6E3-414D-B33F-AB33A7BFCAF3}
	EndGlobalSection
EndGlobal
